
Microsoft Visual Studio Solution File, Format Version 12.00
# Visual Studio 15
VisualStudioVersion = 15.0.28307.539
MinimumVisualStudioVersion = 10.0.40219.1
Project("{FAE04EC0-301F-11D3-BF4B-00C04F79EFBC}") = "costo terreno", "costo terreno\costo terreno.csproj", "{5377DE77-4927-4F9C-8603-8C6963789855}"
EndProject
Global
	GlobalSection(SolutionConfigurationPlatforms) = preSolution
		Debug|Any CPU = Debug|Any CPU
		Release|Any CPU = Release|Any CPU
	EndGlobalSection
	GlobalSection(ProjectConfigurationPlatforms) = postSolution
		{5377DE77-4927-4F9C-8603-8C6963789855}.Debug|Any CPU.ActiveCfg = Debug|Any CPU
		{5377DE77-4927-4F9C-8603-8C6963789855}.Debug|Any CPU.Build.0 = Debug|Any CPU
		{5377DE77-4927-4F9C-8603-8C6963789855}.Release|Any CPU.ActiveCfg = Release|Any CPU
		{5377DE77-4927-4F9C-8603-8C6963789855}.Release|Any CPU.Build.0 = Release|Any CPU
	EndGlobalSection
	GlobalSection(SolutionProperties) = preSolution
		HideSolutionNode = FALSE
	EndGlobalSection
	GlobalSection(ExtensibilityGlobals) = postSolution
		SolutionGuid = {C397EDC9-E7C9-4621-BCEB-5596272F4E1C}
	EndGlobalSection
EndGlobal
